// !$*UTF8*$!
{
	archiveVersion = 1;
	classes = {
	};
	objectVersion = 46;
	objects = {

/* Begin PBXBuildFile section */
		4519CD2B1C2AC66800911174 /* Event.swift in Sources */ = {isa = PBXBuildFile; fileRef = 4519CD2A1C2AC66700911174 /* Event.swift */; };
		4519CD2C1C2AC67D00911174 /* Event.swift in Sources */ = {isa = PBXBuildFile; fileRef = 4519CD2A1C2AC66700911174 /* Event.swift */; };
		4519CD2D1C2AC67E00911174 /* Event.swift in Sources */ = {isa = PBXBuildFile; fileRef = 4519CD2A1C2AC66700911174 /* Event.swift */; };
		457B14901C101D1200CFE03C /* Chat.swift in Sources */ = {isa = PBXBuildFile; fileRef = 457B148F1C101D1200CFE03C /* Chat.swift */; };
		45CEB3951C187D560039019E /* Bolts.framework in Frameworks */ = {isa = PBXBuildFile; fileRef = 45CEB3931C187D560039019E /* Bolts.framework */; };
		45CEB3961C187D560039019E /* Parse.framework in Frameworks */ = {isa = PBXBuildFile; fileRef = 45CEB3941C187D560039019E /* Parse.framework */; };
		45CEB3981C1881AB0039019E /* AudioToolbox.framework in Frameworks */ = {isa = PBXBuildFile; fileRef = 45CEB3971C1881AB0039019E /* AudioToolbox.framework */; };
		45CEB39A1C1882470039019E /* CFNetwork.framework in Frameworks */ = {isa = PBXBuildFile; fileRef = 45CEB3991C1882470039019E /* CFNetwork.framework */; };
		45CEB39C1C1882520039019E /* CoreGraphics.framework in Frameworks */ = {isa = PBXBuildFile; fileRef = 45CEB39B1C1882520039019E /* CoreGraphics.framework */; };
		45CEB39E1C18825D0039019E /* CoreLocation.framework in Frameworks */ = {isa = PBXBuildFile; fileRef = 45CEB39D1C18825D0039019E /* CoreLocation.framework */; };
		45CEB3A01C1882680039019E /* QuartzCore.framework in Frameworks */ = {isa = PBXBuildFile; fileRef = 45CEB39F1C1882680039019E /* QuartzCore.framework */; };
		45CEB3A21C1882720039019E /* Security.framework in Frameworks */ = {isa = PBXBuildFile; fileRef = 45CEB3A11C1882720039019E /* Security.framework */; };
		45CEB3A41C18827C0039019E /* StoreKit.framework in Frameworks */ = {isa = PBXBuildFile; fileRef = 45CEB3A31C18827C0039019E /* StoreKit.framework */; };
		45CEB3A61C18828A0039019E /* SystemConfiguration.framework in Frameworks */ = {isa = PBXBuildFile; fileRef = 45CEB3A51C18828A0039019E /* SystemConfiguration.framework */; };
		45CEB3A81C1882970039019E /* libz.tbd in Frameworks */ = {isa = PBXBuildFile; fileRef = 45CEB3A71C1882970039019E /* libz.tbd */; };
		45CEB3AA1C1882A50039019E /* libsqlite3.tbd in Frameworks */ = {isa = PBXBuildFile; fileRef = 45CEB3A91C1882A50039019E /* libsqlite3.tbd */; };
		45EE8B651C194C7700ED05A9 /* ParseFacebookUtils.framework in Frameworks */ = {isa = PBXBuildFile; fileRef = 45EE8B611C194C7600ED05A9 /* ParseFacebookUtils.framework */; };
		45EE8B661C194C7700ED05A9 /* ParseFacebookUtilsV4.framework in Frameworks */ = {isa = PBXBuildFile; fileRef = 45EE8B621C194C7700ED05A9 /* ParseFacebookUtilsV4.framework */; };
		45EE8B671C194C7700ED05A9 /* ParseTwitterUtils.framework in Frameworks */ = {isa = PBXBuildFile; fileRef = 45EE8B631C194C7700ED05A9 /* ParseTwitterUtils.framework */; };
		45EE8B681C194C7700ED05A9 /* ParseUI.framework in Frameworks */ = {isa = PBXBuildFile; fileRef = 45EE8B641C194C7700ED05A9 /* ParseUI.framework */; };
		45EE8B691C194E0400ED05A9 /* libsqlite3.tbd in Frameworks */ = {isa = PBXBuildFile; fileRef = 45CEB3A91C1882A50039019E /* libsqlite3.tbd */; };
		45EE8B6A1C194E0400ED05A9 /* libz.tbd in Frameworks */ = {isa = PBXBuildFile; fileRef = 45CEB3A71C1882970039019E /* libz.tbd */; };
		45EE8B6B1C194E0400ED05A9 /* SystemConfiguration.framework in Frameworks */ = {isa = PBXBuildFile; fileRef = 45CEB3A51C18828A0039019E /* SystemConfiguration.framework */; };
		45EE8B6C1C194E0400ED05A9 /* StoreKit.framework in Frameworks */ = {isa = PBXBuildFile; fileRef = 45CEB3A31C18827C0039019E /* StoreKit.framework */; };
		45EE8B6D1C194E0400ED05A9 /* Security.framework in Frameworks */ = {isa = PBXBuildFile; fileRef = 45CEB3A11C1882720039019E /* Security.framework */; };
		45EE8B6E1C194E0400ED05A9 /* QuartzCore.framework in Frameworks */ = {isa = PBXBuildFile; fileRef = 45CEB39F1C1882680039019E /* QuartzCore.framework */; };
		45EE8B6F1C194E0400ED05A9 /* CoreLocation.framework in Frameworks */ = {isa = PBXBuildFile; fileRef = 45CEB39D1C18825D0039019E /* CoreLocation.framework */; };
		45EE8B701C194E0400ED05A9 /* CoreGraphics.framework in Frameworks */ = {isa = PBXBuildFile; fileRef = 45CEB39B1C1882520039019E /* CoreGraphics.framework */; };
		45EE8B711C194E0400ED05A9 /* CFNetwork.framework in Frameworks */ = {isa = PBXBuildFile; fileRef = 45CEB3991C1882470039019E /* CFNetwork.framework */; };
		45EE8B721C194E0400ED05A9 /* AudioToolbox.framework in Frameworks */ = {isa = PBXBuildFile; fileRef = 45CEB3971C1881AB0039019E /* AudioToolbox.framework */; };
		C42D2E631C3A0E51008DC4BB /* supansbkg.png in Resources */ = {isa = PBXBuildFile; fileRef = C42D2E621C3A0E51008DC4BB /* supansbkg.png */; };
		C42D2E641C3A0E51008DC4BB /* supansbkg.png in Resources */ = {isa = PBXBuildFile; fileRef = C42D2E621C3A0E51008DC4BB /* supansbkg.png */; };
		C42D2E651C3A0E51008DC4BB /* supansbkg.png in Resources */ = {isa = PBXBuildFile; fileRef = C42D2E621C3A0E51008DC4BB /* supansbkg.png */; };
		C42D2E7E1C3A3688008DC4BB /* Alamofire.framework in Frameworks */ = {isa = PBXBuildFile; fileRef = C42D2E711C3A364D008DC4BB /* Alamofire.framework */; };
		C42D2E7F1C3A3688008DC4BB /* Alamofire.framework in Embed Frameworks */ = {isa = PBXBuildFile; fileRef = C42D2E711C3A364D008DC4BB /* Alamofire.framework */; settings = {ATTRIBUTES = (CodeSignOnCopy, RemoveHeadersOnCopy, ); }; };
		C42D2E841C3A7120008DC4BB /* NetworkConnection.swift in Sources */ = {isa = PBXBuildFile; fileRef = C42D2E831C3A7120008DC4BB /* NetworkConnection.swift */; };
		C42D2E851C3A7120008DC4BB /* NetworkConnection.swift in Sources */ = {isa = PBXBuildFile; fileRef = C42D2E831C3A7120008DC4BB /* NetworkConnection.swift */; };
		C42D2E861C3A7120008DC4BB /* NetworkConnection.swift in Sources */ = {isa = PBXBuildFile; fileRef = C42D2E831C3A7120008DC4BB /* NetworkConnection.swift */; };
		C48A9CEB1C2EC66A00FB9E12 /* OtherViewController.swift in Sources */ = {isa = PBXBuildFile; fileRef = C48A9CEA1C2EC66A00FB9E12 /* OtherViewController.swift */; };
		C48A9CEC1C2EC66A00FB9E12 /* OtherViewController.swift in Sources */ = {isa = PBXBuildFile; fileRef = C48A9CEA1C2EC66A00FB9E12 /* OtherViewController.swift */; };
		C48A9CED1C2EC66A00FB9E12 /* OtherViewController.swift in Sources */ = {isa = PBXBuildFile; fileRef = C48A9CEA1C2EC66A00FB9E12 /* OtherViewController.swift */; };
		C48A9CEF1C2ED8B800FB9E12 /* rawk.png in Resources */ = {isa = PBXBuildFile; fileRef = C48A9CEE1C2ED8B800FB9E12 /* rawk.png */; };
		C48A9CF01C2ED8B800FB9E12 /* rawk.png in Resources */ = {isa = PBXBuildFile; fileRef = C48A9CEE1C2ED8B800FB9E12 /* rawk.png */; };
		C48A9CF11C2ED8B800FB9E12 /* rawk.png in Resources */ = {isa = PBXBuildFile; fileRef = C48A9CEE1C2ED8B800FB9E12 /* rawk.png */; };
		C48A9CF21C2FDD4300FB9E12 /* ViewController.swift in Sources */ = {isa = PBXBuildFile; fileRef = C4F5C4CA1C0F2573001389B7 /* ViewController.swift */; };
		C48A9CF31C2FDD4400FB9E12 /* ViewController.swift in Sources */ = {isa = PBXBuildFile; fileRef = C4F5C4CA1C0F2573001389B7 /* ViewController.swift */; };
		C48A9CF41C2FDD4A00FB9E12 /* AppDelegate.swift in Sources */ = {isa = PBXBuildFile; fileRef = C4F5C4C81C0F2573001389B7 /* AppDelegate.swift */; };
		C48A9CF51C2FDD4A00FB9E12 /* AppDelegate.swift in Sources */ = {isa = PBXBuildFile; fileRef = C4F5C4C81C0F2573001389B7 /* AppDelegate.swift */; };
		C48A9D351C316C2200FB9E12 /* supanGameNight.png in Resources */ = {isa = PBXBuildFile; fileRef = C48A9D341C316C2200FB9E12 /* supanGameNight.png */; };
		C48A9D361C316C2200FB9E12 /* supanGameNight.png in Resources */ = {isa = PBXBuildFile; fileRef = C48A9D341C316C2200FB9E12 /* supanGameNight.png */; };
		C48A9D371C316C2200FB9E12 /* supanGameNight.png in Resources */ = {isa = PBXBuildFile; fileRef = C48A9D341C316C2200FB9E12 /* supanGameNight.png */; };
		C48A9D391C328B3F00FB9E12 /* MapKit.framework in Frameworks */ = {isa = PBXBuildFile; fileRef = C48A9D381C328B3F00FB9E12 /* MapKit.framework */; };
		C4B5A5E61C2BF3D7005D690A /* supan.png in Resources */ = {isa = PBXBuildFile; fileRef = C4B5A5E51C2BF3D7005D690A /* supan.png */; };
		C4B5A5E71C2BF3D7005D690A /* supan.png in Resources */ = {isa = PBXBuildFile; fileRef = C4B5A5E51C2BF3D7005D690A /* supan.png */; };
		C4B5A5E81C2BF3D7005D690A /* supan.png in Resources */ = {isa = PBXBuildFile; fileRef = C4B5A5E51C2BF3D7005D690A /* supan.png */; };
		C4F5C4C91C0F2573001389B7 /* AppDelegate.swift in Sources */ = {isa = PBXBuildFile; fileRef = C4F5C4C81C0F2573001389B7 /* AppDelegate.swift */; };
		C4F5C4CB1C0F2573001389B7 /* ViewController.swift in Sources */ = {isa = PBXBuildFile; fileRef = C4F5C4CA1C0F2573001389B7 /* ViewController.swift */; };
		C4F5C4CE1C0F2573001389B7 /* Main.storyboard in Resources */ = {isa = PBXBuildFile; fileRef = C4F5C4CC1C0F2573001389B7 /* Main.storyboard */; };
		C4F5C4D01C0F2573001389B7 /* Assets.xcassets in Resources */ = {isa = PBXBuildFile; fileRef = C4F5C4CF1C0F2573001389B7 /* Assets.xcassets */; };
		C4F5C4D31C0F2573001389B7 /* LaunchScreen.storyboard in Resources */ = {isa = PBXBuildFile; fileRef = C4F5C4D11C0F2573001389B7 /* LaunchScreen.storyboard */; };
		C4F5C4DE1C0F2574001389B7 /* KKEventsTests.swift in Sources */ = {isa = PBXBuildFile; fileRef = C4F5C4DD1C0F2574001389B7 /* KKEventsTests.swift */; };
		C4F5C4E91C0F2574001389B7 /* KKEventsUITests.swift in Sources */ = {isa = PBXBuildFile; fileRef = C4F5C4E81C0F2574001389B7 /* KKEventsUITests.swift */; };
/* End PBXBuildFile section */

/* Begin PBXContainerItemProxy section */
		C42D2E701C3A364D008DC4BB /* PBXContainerItemProxy */ = {
			isa = PBXContainerItemProxy;
			containerPortal = C42D2E661C3A364C008DC4BB /* Alamofire.xcodeproj */;
			proxyType = 2;
			remoteGlobalIDString = F8111E3319A95C8B0040E7D1;
			remoteInfo = "Alamofire iOS";
		};
		C42D2E721C3A364D008DC4BB /* PBXContainerItemProxy */ = {
			isa = PBXContainerItemProxy;
			containerPortal = C42D2E661C3A364C008DC4BB /* Alamofire.xcodeproj */;
			proxyType = 2;
			remoteGlobalIDString = F8111E3E19A95C8B0040E7D1;
			remoteInfo = "Alamofire iOS Tests";
		};
		C42D2E741C3A364D008DC4BB /* PBXContainerItemProxy */ = {
			isa = PBXContainerItemProxy;
			containerPortal = C42D2E661C3A364C008DC4BB /* Alamofire.xcodeproj */;
			proxyType = 2;
			remoteGlobalIDString = 4DD67C0B1A5C55C900ED2280;
			remoteInfo = "Alamofire OSX";
		};
		C42D2E761C3A364D008DC4BB /* PBXContainerItemProxy */ = {
			isa = PBXContainerItemProxy;
			containerPortal = C42D2E661C3A364C008DC4BB /* Alamofire.xcodeproj */;
			proxyType = 2;
			remoteGlobalIDString = F829C6B21A7A94F100A2CD59;
			remoteInfo = "Alamofire OSX Tests";
		};
		C42D2E781C3A364D008DC4BB /* PBXContainerItemProxy */ = {
			isa = PBXContainerItemProxy;
			containerPortal = C42D2E661C3A364C008DC4BB /* Alamofire.xcodeproj */;
			proxyType = 2;
			remoteGlobalIDString = 4CF626EF1BA7CB3E0011A099;
			remoteInfo = "Alamofire tvOS";
		};
		C42D2E7A1C3A364D008DC4BB /* PBXContainerItemProxy */ = {
			isa = PBXContainerItemProxy;
			containerPortal = C42D2E661C3A364C008DC4BB /* Alamofire.xcodeproj */;
			proxyType = 2;
			remoteGlobalIDString = 4CF626F81BA7CB3E0011A099;
			remoteInfo = "Alamofire tvOS Tests";
		};
		C42D2E7C1C3A364D008DC4BB /* PBXContainerItemProxy */ = {
			isa = PBXContainerItemProxy;
			containerPortal = C42D2E661C3A364C008DC4BB /* Alamofire.xcodeproj */;
			proxyType = 2;
			remoteGlobalIDString = E4202FE01B667AA100C997FB;
			remoteInfo = "Alamofire watchOS";
		};
		C42D2E801C3A3689008DC4BB /* PBXContainerItemProxy */ = {
			isa = PBXContainerItemProxy;
			containerPortal = C42D2E661C3A364C008DC4BB /* Alamofire.xcodeproj */;
			proxyType = 1;
			remoteGlobalIDString = F8111E3219A95C8B0040E7D1;
			remoteInfo = "Alamofire iOS";
		};
		C4F5C4DA1C0F2574001389B7 /* PBXContainerItemProxy */ = {
			isa = PBXContainerItemProxy;
			containerPortal = C4F5C4BD1C0F2573001389B7 /* Project object */;
			proxyType = 1;
			remoteGlobalIDString = C4F5C4C41C0F2573001389B7;
			remoteInfo = KKEvents;
		};
		C4F5C4E51C0F2574001389B7 /* PBXContainerItemProxy */ = {
			isa = PBXContainerItemProxy;
			containerPortal = C4F5C4BD1C0F2573001389B7 /* Project object */;
			proxyType = 1;
			remoteGlobalIDString = C4F5C4C41C0F2573001389B7;
			remoteInfo = KKEvents;
		};
/* End PBXContainerItemProxy section */

/* Begin PBXCopyFilesBuildPhase section */
		C42D2E821C3A3689008DC4BB /* Embed Frameworks */ = {
			isa = PBXCopyFilesBuildPhase;
			buildActionMask = 2147483647;
			dstPath = "";
			dstSubfolderSpec = 10;
			files = (
				C42D2E7F1C3A3688008DC4BB /* Alamofire.framework in Embed Frameworks */,
			);
			name = "Embed Frameworks";
			runOnlyForDeploymentPostprocessing = 0;
		};
		C48A9CA91C2D6D3300FB9E12 /* Embed App Extensions */ = {
			isa = PBXCopyFilesBuildPhase;
			buildActionMask = 2147483647;
			dstPath = "";
			dstSubfolderSpec = 13;
			files = (
			);
			name = "Embed App Extensions";
			runOnlyForDeploymentPostprocessing = 0;
		};
/* End PBXCopyFilesBuildPhase section */

/* Begin PBXFileReference section */
		4519CD2A1C2AC66700911174 /* Event.swift */ = {isa = PBXFileReference; fileEncoding = 4; lastKnownFileType = sourcecode.swift; path = Event.swift; sourceTree = "<group>"; };
		457B148F1C101D1200CFE03C /* Chat.swift */ = {isa = PBXFileReference; fileEncoding = 4; lastKnownFileType = sourcecode.swift; path = Chat.swift; sourceTree = "<group>"; };
		45CEB3931C187D560039019E /* Bolts.framework */ = {isa = PBXFileReference; lastKnownFileType = wrapper.framework; name = Bolts.framework; path = KKEvents/Bolts.framework; sourceTree = "<group>"; };
		45CEB3941C187D560039019E /* Parse.framework */ = {isa = PBXFileReference; lastKnownFileType = wrapper.framework; name = Parse.framework; path = KKEvents/Parse.framework; sourceTree = "<group>"; };
		45CEB3971C1881AB0039019E /* AudioToolbox.framework */ = {isa = PBXFileReference; lastKnownFileType = wrapper.framework; name = AudioToolbox.framework; path = System/Library/Frameworks/AudioToolbox.framework; sourceTree = SDKROOT; };
		45CEB3991C1882470039019E /* CFNetwork.framework */ = {isa = PBXFileReference; lastKnownFileType = wrapper.framework; name = CFNetwork.framework; path = System/Library/Frameworks/CFNetwork.framework; sourceTree = SDKROOT; };
		45CEB39B1C1882520039019E /* CoreGraphics.framework */ = {isa = PBXFileReference; lastKnownFileType = wrapper.framework; name = CoreGraphics.framework; path = System/Library/Frameworks/CoreGraphics.framework; sourceTree = SDKROOT; };
		45CEB39D1C18825D0039019E /* CoreLocation.framework */ = {isa = PBXFileReference; lastKnownFileType = wrapper.framework; name = CoreLocation.framework; path = System/Library/Frameworks/CoreLocation.framework; sourceTree = SDKROOT; };
		45CEB39F1C1882680039019E /* QuartzCore.framework */ = {isa = PBXFileReference; lastKnownFileType = wrapper.framework; name = QuartzCore.framework; path = System/Library/Frameworks/QuartzCore.framework; sourceTree = SDKROOT; };
		45CEB3A11C1882720039019E /* Security.framework */ = {isa = PBXFileReference; lastKnownFileType = wrapper.framework; name = Security.framework; path = System/Library/Frameworks/Security.framework; sourceTree = SDKROOT; };
		45CEB3A31C18827C0039019E /* StoreKit.framework */ = {isa = PBXFileReference; lastKnownFileType = wrapper.framework; name = StoreKit.framework; path = System/Library/Frameworks/StoreKit.framework; sourceTree = SDKROOT; };
		45CEB3A51C18828A0039019E /* SystemConfiguration.framework */ = {isa = PBXFileReference; lastKnownFileType = wrapper.framework; name = SystemConfiguration.framework; path = System/Library/Frameworks/SystemConfiguration.framework; sourceTree = SDKROOT; };
		45CEB3A71C1882970039019E /* libz.tbd */ = {isa = PBXFileReference; lastKnownFileType = "sourcecode.text-based-dylib-definition"; name = libz.tbd; path = usr/lib/libz.tbd; sourceTree = SDKROOT; };
		45CEB3A91C1882A50039019E /* libsqlite3.tbd */ = {isa = PBXFileReference; lastKnownFileType = "sourcecode.text-based-dylib-definition"; name = libsqlite3.tbd; path = usr/lib/libsqlite3.tbd; sourceTree = SDKROOT; };
		45EE8B611C194C7600ED05A9 /* ParseFacebookUtils.framework */ = {isa = PBXFileReference; lastKnownFileType = wrapper.framework; path = ParseFacebookUtils.framework; sourceTree = "<group>"; };
		45EE8B621C194C7700ED05A9 /* ParseFacebookUtilsV4.framework */ = {isa = PBXFileReference; lastKnownFileType = wrapper.framework; path = ParseFacebookUtilsV4.framework; sourceTree = "<group>"; };
		45EE8B631C194C7700ED05A9 /* ParseTwitterUtils.framework */ = {isa = PBXFileReference; lastKnownFileType = wrapper.framework; path = ParseTwitterUtils.framework; sourceTree = "<group>"; };
		45EE8B641C194C7700ED05A9 /* ParseUI.framework */ = {isa = PBXFileReference; lastKnownFileType = wrapper.framework; path = ParseUI.framework; sourceTree = "<group>"; };
		C42D2E621C3A0E51008DC4BB /* supansbkg.png */ = {isa = PBXFileReference; lastKnownFileType = image.png; path = supansbkg.png; sourceTree = "<group>"; };
		C42D2E661C3A364C008DC4BB /* Alamofire.xcodeproj */ = {isa = PBXFileReference; lastKnownFileType = "wrapper.pb-project"; name = Alamofire.xcodeproj; path = "Alamofire-master/Alamofire.xcodeproj"; sourceTree = "<group>"; };
		C42D2E831C3A7120008DC4BB /* NetworkConnection.swift */ = {isa = PBXFileReference; fileEncoding = 4; lastKnownFileType = sourcecode.swift; path = NetworkConnection.swift; sourceTree = "<group>"; };
		C48A9CEA1C2EC66A00FB9E12 /* OtherViewController.swift */ = {isa = PBXFileReference; fileEncoding = 4; lastKnownFileType = sourcecode.swift; path = OtherViewController.swift; sourceTree = "<group>"; };
		C48A9CEE1C2ED8B800FB9E12 /* rawk.png */ = {isa = PBXFileReference; lastKnownFileType = image.png; path = rawk.png; sourceTree = "<group>"; };
		C48A9D341C316C2200FB9E12 /* supanGameNight.png */ = {isa = PBXFileReference; lastKnownFileType = image.png; path = supanGameNight.png; sourceTree = "<group>"; };
		C48A9D381C328B3F00FB9E12 /* MapKit.framework */ = {isa = PBXFileReference; lastKnownFileType = wrapper.framework; name = MapKit.framework; path = System/Library/Frameworks/MapKit.framework; sourceTree = SDKROOT; };
		C4B5A5E51C2BF3D7005D690A /* supan.png */ = {isa = PBXFileReference; lastKnownFileType = image.png; path = supan.png; sourceTree = "<group>"; };
		C4F5C4C51C0F2573001389B7 /* KKEvents.app */ = {isa = PBXFileReference; explicitFileType = wrapper.application; includeInIndex = 0; path = KKEvents.app; sourceTree = BUILT_PRODUCTS_DIR; };
		C4F5C4C81C0F2573001389B7 /* AppDelegate.swift */ = {isa = PBXFileReference; lastKnownFileType = sourcecode.swift; path = AppDelegate.swift; sourceTree = "<group>"; };
		C4F5C4CA1C0F2573001389B7 /* ViewController.swift */ = {isa = PBXFileReference; lastKnownFileType = sourcecode.swift; path = ViewController.swift; sourceTree = "<group>"; };
		C4F5C4CD1C0F2573001389B7 /* Base */ = {isa = PBXFileReference; lastKnownFileType = file.storyboard; name = Base; path = Base.lproj/Main.storyboard; sourceTree = "<group>"; };
		C4F5C4CF1C0F2573001389B7 /* Assets.xcassets */ = {isa = PBXFileReference; lastKnownFileType = folder.assetcatalog; path = Assets.xcassets; sourceTree = "<group>"; };
		C4F5C4D21C0F2573001389B7 /* Base */ = {isa = PBXFileReference; lastKnownFileType = file.storyboard; name = Base; path = Base.lproj/LaunchScreen.storyboard; sourceTree = "<group>"; };
		C4F5C4D41C0F2573001389B7 /* Info.plist */ = {isa = PBXFileReference; lastKnownFileType = text.plist.xml; path = Info.plist; sourceTree = "<group>"; };
		C4F5C4D91C0F2574001389B7 /* KKEventsTests.xctest */ = {isa = PBXFileReference; explicitFileType = wrapper.cfbundle; includeInIndex = 0; path = KKEventsTests.xctest; sourceTree = BUILT_PRODUCTS_DIR; };
		C4F5C4DD1C0F2574001389B7 /* KKEventsTests.swift */ = {isa = PBXFileReference; lastKnownFileType = sourcecode.swift; path = KKEventsTests.swift; sourceTree = "<group>"; };
		C4F5C4DF1C0F2574001389B7 /* Info.plist */ = {isa = PBXFileReference; lastKnownFileType = text.plist.xml; path = Info.plist; sourceTree = "<group>"; };
		C4F5C4E41C0F2574001389B7 /* KKEventsUITests.xctest */ = {isa = PBXFileReference; explicitFileType = wrapper.cfbundle; includeInIndex = 0; path = KKEventsUITests.xctest; sourceTree = BUILT_PRODUCTS_DIR; };
		C4F5C4E81C0F2574001389B7 /* KKEventsUITests.swift */ = {isa = PBXFileReference; lastKnownFileType = sourcecode.swift; path = KKEventsUITests.swift; sourceTree = "<group>"; };
		C4F5C4EA1C0F2574001389B7 /* Info.plist */ = {isa = PBXFileReference; lastKnownFileType = text.plist.xml; path = Info.plist; sourceTree = "<group>"; };
/* End PBXFileReference section */

/* Begin PBXFrameworksBuildPhase section */
		C4F5C4C21C0F2573001389B7 /* Frameworks */ = {
			isa = PBXFrameworksBuildPhase;
			buildActionMask = 2147483647;
			files = (
				C48A9D391C328B3F00FB9E12 /* MapKit.framework in Frameworks */,
				C42D2E7E1C3A3688008DC4BB /* Alamofire.framework in Frameworks */,
				45EE8B681C194C7700ED05A9 /* ParseUI.framework in Frameworks */,
				45CEB3961C187D560039019E /* Parse.framework in Frameworks */,
				45CEB3951C187D560039019E /* Bolts.framework in Frameworks */,
				45EE8B661C194C7700ED05A9 /* ParseFacebookUtilsV4.framework in Frameworks */,
				45EE8B651C194C7700ED05A9 /* ParseFacebookUtils.framework in Frameworks */,
				45EE8B671C194C7700ED05A9 /* ParseTwitterUtils.framework in Frameworks */,
				45EE8B691C194E0400ED05A9 /* libsqlite3.tbd in Frameworks */,
				45EE8B6A1C194E0400ED05A9 /* libz.tbd in Frameworks */,
				45EE8B6B1C194E0400ED05A9 /* SystemConfiguration.framework in Frameworks */,
				45EE8B6C1C194E0400ED05A9 /* StoreKit.framework in Frameworks */,
				45EE8B6D1C194E0400ED05A9 /* Security.framework in Frameworks */,
				45EE8B6E1C194E0400ED05A9 /* QuartzCore.framework in Frameworks */,
				45EE8B6F1C194E0400ED05A9 /* CoreLocation.framework in Frameworks */,
				45EE8B701C194E0400ED05A9 /* CoreGraphics.framework in Frameworks */,
				45EE8B711C194E0400ED05A9 /* CFNetwork.framework in Frameworks */,
				45EE8B721C194E0400ED05A9 /* AudioToolbox.framework in Frameworks */,
			);
			runOnlyForDeploymentPostprocessing = 0;
		};
		C4F5C4D61C0F2574001389B7 /* Frameworks */ = {
			isa = PBXFrameworksBuildPhase;
			buildActionMask = 2147483647;
			files = (
			);
			runOnlyForDeploymentPostprocessing = 0;
		};
		C4F5C4E11C0F2574001389B7 /* Frameworks */ = {
			isa = PBXFrameworksBuildPhase;
			buildActionMask = 2147483647;
			files = (
				45CEB3AA1C1882A50039019E /* libsqlite3.tbd in Frameworks */,
				45CEB3A81C1882970039019E /* libz.tbd in Frameworks */,
				45CEB3A61C18828A0039019E /* SystemConfiguration.framework in Frameworks */,
				45CEB3A41C18827C0039019E /* StoreKit.framework in Frameworks */,
				45CEB3A21C1882720039019E /* Security.framework in Frameworks */,
				45CEB3A01C1882680039019E /* QuartzCore.framework in Frameworks */,
				45CEB39E1C18825D0039019E /* CoreLocation.framework in Frameworks */,
				45CEB39C1C1882520039019E /* CoreGraphics.framework in Frameworks */,
				45CEB39A1C1882470039019E /* CFNetwork.framework in Frameworks */,
				45CEB3981C1881AB0039019E /* AudioToolbox.framework in Frameworks */,
			);
			runOnlyForDeploymentPostprocessing = 0;
		};
/* End PBXFrameworksBuildPhase section */

/* Begin PBXGroup section */
		45EE8B731C194E1000ED05A9 /* Frameworks */ = {
			isa = PBXGroup;
			children = (
				C48A9D381C328B3F00FB9E12 /* MapKit.framework */,
				45CEB3941C187D560039019E /* Parse.framework */,
				45CEB3931C187D560039019E /* Bolts.framework */,
				45EE8B611C194C7600ED05A9 /* ParseFacebookUtils.framework */,
				45EE8B621C194C7700ED05A9 /* ParseFacebookUtilsV4.framework */,
				45EE8B631C194C7700ED05A9 /* ParseTwitterUtils.framework */,
				45EE8B641C194C7700ED05A9 /* ParseUI.framework */,
				45CEB3A91C1882A50039019E /* libsqlite3.tbd */,
				45CEB3A71C1882970039019E /* libz.tbd */,
				45CEB3A51C18828A0039019E /* SystemConfiguration.framework */,
				45CEB3A31C18827C0039019E /* StoreKit.framework */,
				45CEB3A11C1882720039019E /* Security.framework */,
				45CEB39F1C1882680039019E /* QuartzCore.framework */,
				45CEB39D1C18825D0039019E /* CoreLocation.framework */,
				45CEB39B1C1882520039019E /* CoreGraphics.framework */,
				45CEB3991C1882470039019E /* CFNetwork.framework */,
				45CEB3971C1881AB0039019E /* AudioToolbox.framework */,
			);
			name = Frameworks;
			sourceTree = "<group>";
		};
		C42D2E671C3A364C008DC4BB /* Products */ = {
			isa = PBXGroup;
			children = (
				C42D2E711C3A364D008DC4BB /* Alamofire.framework */,
				C42D2E731C3A364D008DC4BB /* Alamofire iOS Tests.xctest */,
				C42D2E751C3A364D008DC4BB /* Alamofire.framework */,
				C42D2E771C3A364D008DC4BB /* Alamofire OSX Tests.xctest */,
				C42D2E791C3A364D008DC4BB /* Alamofire.framework */,
				C42D2E7B1C3A364D008DC4BB /* Alamofire tvOS Tests.xctest */,
				C42D2E7D1C3A364D008DC4BB /* Alamofire.framework */,
			);
			name = Products;
			sourceTree = "<group>";
		};
		C4F5C4BC1C0F2573001389B7 = {
			isa = PBXGroup;
			children = (
				C42D2E661C3A364C008DC4BB /* Alamofire.xcodeproj */,
				45EE8B731C194E1000ED05A9 /* Frameworks */,
				C4F5C4C71C0F2573001389B7 /* KKEvents */,
				C4F5C4DC1C0F2574001389B7 /* KKEventsTests */,
				C4F5C4E71C0F2574001389B7 /* KKEventsUITests */,
				C4F5C4C61C0F2573001389B7 /* Products */,
			);
			sourceTree = "<group>";
		};
		C4F5C4C61C0F2573001389B7 /* Products */ = {
			isa = PBXGroup;
			children = (
				C4F5C4C51C0F2573001389B7 /* KKEvents.app */,
				C4F5C4D91C0F2574001389B7 /* KKEventsTests.xctest */,
				C4F5C4E41C0F2574001389B7 /* KKEventsUITests.xctest */,
			);
			name = Products;
			sourceTree = "<group>";
		};
		C4F5C4C71C0F2573001389B7 /* KKEvents */ = {
			isa = PBXGroup;
			children = (
				457B148F1C101D1200CFE03C /* Chat.swift */,
				C4F5C4C81C0F2573001389B7 /* AppDelegate.swift */,
				4519CD2A1C2AC66700911174 /* Event.swift */,
				C42D2E831C3A7120008DC4BB /* NetworkConnection.swift */,
				C4F5C4CA1C0F2573001389B7 /* ViewController.swift */,
				C48A9CEA1C2EC66A00FB9E12 /* OtherViewController.swift */,
				C4F5C4CC1C0F2573001389B7 /* Main.storyboard */,
				C4F5C4CF1C0F2573001389B7 /* Assets.xcassets */,
				C42D2E621C3A0E51008DC4BB /* supansbkg.png */,
				C4B5A5E51C2BF3D7005D690A /* supan.png */,
				C48A9CEE1C2ED8B800FB9E12 /* rawk.png */,
				C48A9D341C316C2200FB9E12 /* supanGameNight.png */,
				C4F5C4D11C0F2573001389B7 /* LaunchScreen.storyboard */,
				C4F5C4D41C0F2573001389B7 /* Info.plist */,
			);
			path = KKEvents;
			sourceTree = "<group>";
		};
		C4F5C4DC1C0F2574001389B7 /* KKEventsTests */ = {
			isa = PBXGroup;
			children = (
				C4F5C4DD1C0F2574001389B7 /* KKEventsTests.swift */,
				C4F5C4DF1C0F2574001389B7 /* Info.plist */,
			);
			path = KKEventsTests;
			sourceTree = "<group>";
		};
		C4F5C4E71C0F2574001389B7 /* KKEventsUITests */ = {
			isa = PBXGroup;
			children = (
				C4F5C4E81C0F2574001389B7 /* KKEventsUITests.swift */,
				C4F5C4EA1C0F2574001389B7 /* Info.plist */,
			);
			path = KKEventsUITests;
			sourceTree = "<group>";
		};
/* End PBXGroup section */

/* Begin PBXNativeTarget section */
		C4F5C4C41C0F2573001389B7 /* KKEvents */ = {
			isa = PBXNativeTarget;
			buildConfigurationList = C4F5C4ED1C0F2574001389B7 /* Build configuration list for PBXNativeTarget "KKEvents" */;
			buildPhases = (
				C4F5C4C11C0F2573001389B7 /* Sources */,
				C4F5C4C21C0F2573001389B7 /* Frameworks */,
				C4F5C4C31C0F2573001389B7 /* Resources */,
				C48A9CA91C2D6D3300FB9E12 /* Embed App Extensions */,
				C42D2E821C3A3689008DC4BB /* Embed Frameworks */,
			);
			buildRules = (
			);
			dependencies = (
				C42D2E811C3A3689008DC4BB /* PBXTargetDependency */,
			);
			name = KKEvents;
			productName = KKEvents;
			productReference = C4F5C4C51C0F2573001389B7 /* KKEvents.app */;
			productType = "com.apple.product-type.application";
		};
		C4F5C4D81C0F2574001389B7 /* KKEventsTests */ = {
			isa = PBXNativeTarget;
			buildConfigurationList = C4F5C4F01C0F2574001389B7 /* Build configuration list for PBXNativeTarget "KKEventsTests" */;
			buildPhases = (
				C4F5C4D51C0F2574001389B7 /* Sources */,
				C4F5C4D61C0F2574001389B7 /* Frameworks */,
				C4F5C4D71C0F2574001389B7 /* Resources */,
			);
			buildRules = (
			);
			dependencies = (
				C4F5C4DB1C0F2574001389B7 /* PBXTargetDependency */,
			);
			name = KKEventsTests;
			productName = KKEventsTests;
			productReference = C4F5C4D91C0F2574001389B7 /* KKEventsTests.xctest */;
			productType = "com.apple.product-type.bundle.unit-test";
		};
		C4F5C4E31C0F2574001389B7 /* KKEventsUITests */ = {
			isa = PBXNativeTarget;
			buildConfigurationList = C4F5C4F31C0F2574001389B7 /* Build configuration list for PBXNativeTarget "KKEventsUITests" */;
			buildPhases = (
				C4F5C4E01C0F2574001389B7 /* Sources */,
				C4F5C4E11C0F2574001389B7 /* Frameworks */,
				C4F5C4E21C0F2574001389B7 /* Resources */,
			);
			buildRules = (
			);
			dependencies = (
				C4F5C4E61C0F2574001389B7 /* PBXTargetDependency */,
			);
			name = KKEventsUITests;
			productName = KKEventsUITests;
			productReference = C4F5C4E41C0F2574001389B7 /* KKEventsUITests.xctest */;
			productType = "com.apple.product-type.bundle.ui-testing";
		};
/* End PBXNativeTarget section */

/* Begin PBXProject section */
		C4F5C4BD1C0F2573001389B7 /* Project object */ = {
			isa = PBXProject;
			attributes = {
				LastSwiftUpdateCheck = 0710;
				LastUpgradeCheck = 0710;
				ORGANIZATIONNAME = Dylan;
				TargetAttributes = {
					C4F5C4C41C0F2573001389B7 = {
						CreatedOnToolsVersion = 7.1.1;
					};
					C4F5C4D81C0F2574001389B7 = {
						CreatedOnToolsVersion = 7.1.1;
						TestTargetID = C4F5C4C41C0F2573001389B7;
					};
					C4F5C4E31C0F2574001389B7 = {
						CreatedOnToolsVersion = 7.1.1;
						TestTargetID = C4F5C4C41C0F2573001389B7;
					};
				};
			};
			buildConfigurationList = C4F5C4C01C0F2573001389B7 /* Build configuration list for PBXProject "KKEvents" */;
			compatibilityVersion = "Xcode 3.2";
			developmentRegion = English;
			hasScannedForEncodings = 0;
			knownRegions = (
				en,
				Base,
			);
			mainGroup = C4F5C4BC1C0F2573001389B7;
			productRefGroup = C4F5C4C61C0F2573001389B7 /* Products */;
			projectDirPath = "";
			projectReferences = (
				{
					ProductGroup = C42D2E671C3A364C008DC4BB /* Products */;
					ProjectRef = C42D2E661C3A364C008DC4BB /* Alamofire.xcodeproj */;
				},
			);
			projectRoot = "";
			targets = (
				C4F5C4C41C0F2573001389B7 /* KKEvents */,
				C4F5C4D81C0F2574001389B7 /* KKEventsTests */,
				C4F5C4E31C0F2574001389B7 /* KKEventsUITests */,
			);
		};
/* End PBXProject section */

/* Begin PBXReferenceProxy section */
		C42D2E711C3A364D008DC4BB /* Alamofire.framework */ = {
			isa = PBXReferenceProxy;
			fileType = wrapper.framework;
			path = Alamofire.framework;
			remoteRef = C42D2E701C3A364D008DC4BB /* PBXContainerItemProxy */;
			sourceTree = BUILT_PRODUCTS_DIR;
		};
		C42D2E731C3A364D008DC4BB /* Alamofire iOS Tests.xctest */ = {
			isa = PBXReferenceProxy;
			fileType = wrapper.cfbundle;
			path = "Alamofire iOS Tests.xctest";
			remoteRef = C42D2E721C3A364D008DC4BB /* PBXContainerItemProxy */;
			sourceTree = BUILT_PRODUCTS_DIR;
		};
		C42D2E751C3A364D008DC4BB /* Alamofire.framework */ = {
			isa = PBXReferenceProxy;
			fileType = wrapper.framework;
			path = Alamofire.framework;
			remoteRef = C42D2E741C3A364D008DC4BB /* PBXContainerItemProxy */;
			sourceTree = BUILT_PRODUCTS_DIR;
		};
		C42D2E771C3A364D008DC4BB /* Alamofire OSX Tests.xctest */ = {
			isa = PBXReferenceProxy;
			fileType = wrapper.cfbundle;
			path = "Alamofire OSX Tests.xctest";
			remoteRef = C42D2E761C3A364D008DC4BB /* PBXContainerItemProxy */;
			sourceTree = BUILT_PRODUCTS_DIR;
		};
		C42D2E791C3A364D008DC4BB /* Alamofire.framework */ = {
			isa = PBXReferenceProxy;
			fileType = wrapper.framework;
			path = Alamofire.framework;
			remoteRef = C42D2E781C3A364D008DC4BB /* PBXContainerItemProxy */;
			sourceTree = BUILT_PRODUCTS_DIR;
		};
		C42D2E7B1C3A364D008DC4BB /* Alamofire tvOS Tests.xctest */ = {
			isa = PBXReferenceProxy;
			fileType = wrapper.cfbundle;
			path = "Alamofire tvOS Tests.xctest";
			remoteRef = C42D2E7A1C3A364D008DC4BB /* PBXContainerItemProxy */;
			sourceTree = BUILT_PRODUCTS_DIR;
		};
		C42D2E7D1C3A364D008DC4BB /* Alamofire.framework */ = {
			isa = PBXReferenceProxy;
			fileType = wrapper.framework;
			path = Alamofire.framework;
			remoteRef = C42D2E7C1C3A364D008DC4BB /* PBXContainerItemProxy */;
			sourceTree = BUILT_PRODUCTS_DIR;
		};
/* End PBXReferenceProxy section */

/* Begin PBXResourcesBuildPhase section */
		C4F5C4C31C0F2573001389B7 /* Resources */ = {
			isa = PBXResourcesBuildPhase;
			buildActionMask = 2147483647;
			files = (
				C42D2E631C3A0E51008DC4BB /* supansbkg.png in Resources */,
				C48A9D351C316C2200FB9E12 /* supanGameNight.png in Resources */,
				C4F5C4D31C0F2573001389B7 /* LaunchScreen.storyboard in Resources */,
				C4F5C4D01C0F2573001389B7 /* Assets.xcassets in Resources */,
				C48A9CEF1C2ED8B800FB9E12 /* rawk.png in Resources */,
				C4F5C4CE1C0F2573001389B7 /* Main.storyboard in Resources */,
				C4B5A5E61C2BF3D7005D690A /* supan.png in Resources */,
			);
			runOnlyForDeploymentPostprocessing = 0;
		};
		C4F5C4D71C0F2574001389B7 /* Resources */ = {
			isa = PBXResourcesBuildPhase;
			buildActionMask = 2147483647;
			files = (
				C42D2E641C3A0E51008DC4BB /* supansbkg.png in Resources */,
				C48A9D361C316C2200FB9E12 /* supanGameNight.png in Resources */,
				C4B5A5E71C2BF3D7005D690A /* supan.png in Resources */,
				C48A9CF01C2ED8B800FB9E12 /* rawk.png in Resources */,
			);
			runOnlyForDeploymentPostprocessing = 0;
		};
		C4F5C4E21C0F2574001389B7 /* Resources */ = {
			isa = PBXResourcesBuildPhase;
			buildActionMask = 2147483647;
			files = (
				C42D2E651C3A0E51008DC4BB /* supansbkg.png in Resources */,
				C48A9D371C316C2200FB9E12 /* supanGameNight.png in Resources */,
				C4B5A5E81C2BF3D7005D690A /* supan.png in Resources */,
				C48A9CF11C2ED8B800FB9E12 /* rawk.png in Resources */,
			);
			runOnlyForDeploymentPostprocessing = 0;
		};
/* End PBXResourcesBuildPhase section */

/* Begin PBXSourcesBuildPhase section */
		C4F5C4C11C0F2573001389B7 /* Sources */ = {
			isa = PBXSourcesBuildPhase;
			buildActionMask = 2147483647;
			files = (
				4519CD2B1C2AC66800911174 /* Event.swift in Sources */,
				C4F5C4CB1C0F2573001389B7 /* ViewController.swift in Sources */,
				C42D2E841C3A7120008DC4BB /* NetworkConnection.swift in Sources */,
				457B14901C101D1200CFE03C /* Chat.swift in Sources */,
				C4F5C4C91C0F2573001389B7 /* AppDelegate.swift in Sources */,
				C48A9CEB1C2EC66A00FB9E12 /* OtherViewController.swift in Sources */,
			);
			runOnlyForDeploymentPostprocessing = 0;
		};
		C4F5C4D51C0F2574001389B7 /* Sources */ = {
			isa = PBXSourcesBuildPhase;
			buildActionMask = 2147483647;
			files = (
				4519CD2C1C2AC67D00911174 /* Event.swift in Sources */,
				C48A9CEC1C2EC66A00FB9E12 /* OtherViewController.swift in Sources */,
				C42D2E851C3A7120008DC4BB /* NetworkConnection.swift in Sources */,
				C48A9CF21C2FDD4300FB9E12 /* ViewController.swift in Sources */,
				C48A9CF41C2FDD4A00FB9E12 /* AppDelegate.swift in Sources */,
				C4F5C4DE1C0F2574001389B7 /* KKEventsTests.swift in Sources */,
			);
			runOnlyForDeploymentPostprocessing = 0;
		};
		C4F5C4E01C0F2574001389B7 /* Sources */ = {
			isa = PBXSourcesBuildPhase;
			buildActionMask = 2147483647;
			files = (
				4519CD2D1C2AC67E00911174 /* Event.swift in Sources */,
				C48A9CED1C2EC66A00FB9E12 /* OtherViewController.swift in Sources */,
				C42D2E861C3A7120008DC4BB /* NetworkConnection.swift in Sources */,
				C48A9CF31C2FDD4400FB9E12 /* ViewController.swift in Sources */,
				C48A9CF51C2FDD4A00FB9E12 /* AppDelegate.swift in Sources */,
				C4F5C4E91C0F2574001389B7 /* KKEventsUITests.swift in Sources */,
			);
			runOnlyForDeploymentPostprocessing = 0;
		};
/* End PBXSourcesBuildPhase section */

/* Begin PBXTargetDependency section */
		C42D2E811C3A3689008DC4BB /* PBXTargetDependency */ = {
			isa = PBXTargetDependency;
			name = "Alamofire iOS";
			targetProxy = C42D2E801C3A3689008DC4BB /* PBXContainerItemProxy */;
		};
		C4F5C4DB1C0F2574001389B7 /* PBXTargetDependency */ = {
			isa = PBXTargetDependency;
			target = C4F5C4C41C0F2573001389B7 /* KKEvents */;
			targetProxy = C4F5C4DA1C0F2574001389B7 /* PBXContainerItemProxy */;
		};
		C4F5C4E61C0F2574001389B7 /* PBXTargetDependency */ = {
			isa = PBXTargetDependency;
			target = C4F5C4C41C0F2573001389B7 /* KKEvents */;
			targetProxy = C4F5C4E51C0F2574001389B7 /* PBXContainerItemProxy */;
		};
/* End PBXTargetDependency section */

/* Begin PBXVariantGroup section */
		C4F5C4CC1C0F2573001389B7 /* Main.storyboard */ = {
			isa = PBXVariantGroup;
			children = (
				C4F5C4CD1C0F2573001389B7 /* Base */,
			);
			name = Main.storyboard;
			sourceTree = "<group>";
		};
		C4F5C4D11C0F2573001389B7 /* LaunchScreen.storyboard */ = {
			isa = PBXVariantGroup;
			children = (
				C4F5C4D21C0F2573001389B7 /* Base */,
			);
			name = LaunchScreen.storyboard;
			sourceTree = "<group>";
		};
/* End PBXVariantGroup section */

/* Begin XCBuildConfiguration section */
		C4F5C4EB1C0F2574001389B7 /* Debug */ = {
			isa = XCBuildConfiguration;
			buildSettings = {
				ALWAYS_SEARCH_USER_PATHS = NO;
				CLANG_CXX_LANGUAGE_STANDARD = "gnu++0x";
				CLANG_CXX_LIBRARY = "libc++";
				CLANG_ENABLE_MODULES = YES;
				CLANG_ENABLE_OBJC_ARC = YES;
				CLANG_WARN_BOOL_CONVERSION = YES;
				CLANG_WARN_CONSTANT_CONVERSION = YES;
				CLANG_WARN_DIRECT_OBJC_ISA_USAGE = YES_ERROR;
				CLANG_WARN_EMPTY_BODY = YES;
				CLANG_WARN_ENUM_CONVERSION = YES;
				CLANG_WARN_INT_CONVERSION = YES;
				CLANG_WARN_OBJC_ROOT_CLASS = YES_ERROR;
				CLANG_WARN_UNREACHABLE_CODE = YES;
				CLANG_WARN__DUPLICATE_METHOD_MATCH = YES;
				"CODE_SIGN_IDENTITY[sdk=iphoneos*]" = "iPhone Developer";
				COPY_PHASE_STRIP = NO;
				DEBUG_INFORMATION_FORMAT = dwarf;
				ENABLE_STRICT_OBJC_MSGSEND = YES;
				ENABLE_TESTABILITY = YES;
				GCC_C_LANGUAGE_STANDARD = gnu99;
				GCC_DYNAMIC_NO_PIC = NO;
				GCC_NO_COMMON_BLOCKS = YES;
				GCC_OPTIMIZATION_LEVEL = 0;
				GCC_PREPROCESSOR_DEFINITIONS = (
					"DEBUG=1",
					"$(inherited)",
				);
				GCC_WARN_64_TO_32_BIT_CONVERSION = YES;
				GCC_WARN_ABOUT_RETURN_TYPE = YES_ERROR;
				GCC_WARN_UNDECLARED_SELECTOR = YES;
				GCC_WARN_UNINITIALIZED_AUTOS = YES_AGGRESSIVE;
				GCC_WARN_UNUSED_FUNCTION = YES;
				GCC_WARN_UNUSED_VARIABLE = YES;
				IPHONEOS_DEPLOYMENT_TARGET = 9.1;
				MTL_ENABLE_DEBUG_INFO = YES;
				ONLY_ACTIVE_ARCH = YES;
				SDKROOT = iphoneos;
				SWIFT_OPTIMIZATION_LEVEL = "-Onone";
				TARGETED_DEVICE_FAMILY = "1,2";
			};
			name = Debug;
		};
		C4F5C4EC1C0F2574001389B7 /* Release */ = {
			isa = XCBuildConfiguration;
			buildSettings = {
				ALWAYS_SEARCH_USER_PATHS = NO;
				CLANG_CXX_LANGUAGE_STANDARD = "gnu++0x";
				CLANG_CXX_LIBRARY = "libc++";
				CLANG_ENABLE_MODULES = YES;
				CLANG_ENABLE_OBJC_ARC = YES;
				CLANG_WARN_BOOL_CONVERSION = YES;
				CLANG_WARN_CONSTANT_CONVERSION = YES;
				CLANG_WARN_DIRECT_OBJC_ISA_USAGE = YES_ERROR;
				CLANG_WARN_EMPTY_BODY = YES;
				CLANG_WARN_ENUM_CONVERSION = YES;
				CLANG_WARN_INT_CONVERSION = YES;
				CLANG_WARN_OBJC_ROOT_CLASS = YES_ERROR;
				CLANG_WARN_UNREACHABLE_CODE = YES;
				CLANG_WARN__DUPLICATE_METHOD_MATCH = YES;
				"CODE_SIGN_IDENTITY[sdk=iphoneos*]" = "iPhone Developer";
				COPY_PHASE_STRIP = NO;
				DEBUG_INFORMATION_FORMAT = "dwarf-with-dsym";
				ENABLE_NS_ASSERTIONS = NO;
				ENABLE_STRICT_OBJC_MSGSEND = YES;
				GCC_C_LANGUAGE_STANDARD = gnu99;
				GCC_NO_COMMON_BLOCKS = YES;
				GCC_WARN_64_TO_32_BIT_CONVERSION = YES;
				GCC_WARN_ABOUT_RETURN_TYPE = YES_ERROR;
				GCC_WARN_UNDECLARED_SELECTOR = YES;
				GCC_WARN_UNINITIALIZED_AUTOS = YES_AGGRESSIVE;
				GCC_WARN_UNUSED_FUNCTION = YES;
				GCC_WARN_UNUSED_VARIABLE = YES;
				IPHONEOS_DEPLOYMENT_TARGET = 9.1;
				MTL_ENABLE_DEBUG_INFO = NO;
				SDKROOT = iphoneos;
				TARGETED_DEVICE_FAMILY = "1,2";
				VALIDATE_PRODUCT = YES;
			};
			name = Release;
		};
		C4F5C4EE1C0F2574001389B7 /* Debug */ = {
			isa = XCBuildConfiguration;
			buildSettings = {
				ASSETCATALOG_COMPILER_APPICON_NAME = AppIcon;
				EMBEDDED_CONTENT_CONTAINS_SWIFT = YES;
				FRAMEWORK_SEARCH_PATHS = (
					"$(inherited)",
					"$(PROJECT_DIR)/KKEvents",
					"$(PROJECT_DIR)",
				);
				INFOPLIST_FILE = KKEvents/Info.plist;
				IPHONEOS_DEPLOYMENT_TARGET = 8.0;
				LD_RUNPATH_SEARCH_PATHS = "$(inherited) @executable_path/Frameworks";
				PRODUCT_BUNDLE_IDENTIFIER = com.ihounokyaku.KKEvents;
				PRODUCT_NAME = "$(TARGET_NAME)";
			};
			name = Debug;
		};
		C4F5C4EF1C0F2574001389B7 /* Release */ = {
			isa = XCBuildConfiguration;
			buildSettings = {
				ASSETCATALOG_COMPILER_APPICON_NAME = AppIcon;
				EMBEDDED_CONTENT_CONTAINS_SWIFT = YES;
				FRAMEWORK_SEARCH_PATHS = (
					"$(inherited)",
					"$(PROJECT_DIR)/KKEvents",
					"$(PROJECT_DIR)",
				);
				INFOPLIST_FILE = KKEvents/Info.plist;
				IPHONEOS_DEPLOYMENT_TARGET = 8.0;
				LD_RUNPATH_SEARCH_PATHS = "$(inherited) @executable_path/Frameworks";
				PRODUCT_BUNDLE_IDENTIFIER = com.ihounokyaku.KKEvents;
				PRODUCT_NAME = "$(TARGET_NAME)";
			};
			name = Release;
		};
		C4F5C4F11C0F2574001389B7 /* Debug */ = {
			isa = XCBuildConfiguration;
			buildSettings = {
				BUNDLE_LOADER = "$(TEST_HOST)";
				INFOPLIST_FILE = KKEventsTests/Info.plist;
				IPHONEOS_DEPLOYMENT_TARGET = 8.0;
				LD_RUNPATH_SEARCH_PATHS = "$(inherited) @executable_path/Frameworks @loader_path/Frameworks";
				PRODUCT_BUNDLE_IDENTIFIER = com.ihounokyaku.KKEventsTests;
				PRODUCT_NAME = "$(TARGET_NAME)";
				TEST_HOST = "$(BUILT_PRODUCTS_DIR)/KKEvents.app/KKEvents";
			};
			name = Debug;
		};
		C4F5C4F21C0F2574001389B7 /* Release */ = {
			isa = XCBuildConfiguration;
			buildSettings = {
				BUNDLE_LOADER = "$(TEST_HOST)";
				INFOPLIST_FILE = KKEventsTests/Info.plist;
				IPHONEOS_DEPLOYMENT_TARGET = 8.0;
				LD_RUNPATH_SEARCH_PATHS = "$(inherited) @executable_path/Frameworks @loader_path/Frameworks";
				PRODUCT_BUNDLE_IDENTIFIER = com.ihounokyaku.KKEventsTests;
				PRODUCT_NAME = "$(TARGET_NAME)";
				TEST_HOST = "$(BUILT_PRODUCTS_DIR)/KKEvents.app/KKEvents";
			};
			name = Release;
		};
		C4F5C4F41C0F2574001389B7 /* Debug */ = {
			isa = XCBuildConfiguration;
			buildSettings = {
				INFOPLIST_FILE = KKEventsUITests/Info.plist;
				IPHONEOS_DEPLOYMENT_TARGET = 8.0;
				LD_RUNPATH_SEARCH_PATHS = "$(inherited) @executable_path/Frameworks @loader_path/Frameworks";
				PRODUCT_BUNDLE_IDENTIFIER = com.ihounokyaku.KKEventsUITests;
				PRODUCT_NAME = "$(TARGET_NAME)";
				TEST_TARGET_NAME = KKEvents;
				USES_XCTRUNNER = YES;
			};
			name = Debug;
		};
		C4F5C4F51C0F2574001389B7 /* Release */ = {
			isa = XCBuildConfiguration;
			buildSettings = {
				INFOPLIST_FILE = KKEventsUITests/Info.plist;
				IPHONEOS_DEPLOYMENT_TARGET = 8.0;
				LD_RUNPATH_SEARCH_PATHS = "$(inherited) @executable_path/Frameworks @loader_path/Frameworks";
				PRODUCT_BUNDLE_IDENTIFIER = com.ihounokyaku.KKEventsUITests;
				PRODUCT_NAME = "$(TARGET_NAME)";
				TEST_TARGET_NAME = KKEvents;
				USES_XCTRUNNER = YES;
			};
			name = Release;
		};
/* End XCBuildConfiguration section */

/* Begin XCConfigurationList section */
		C4F5C4C01C0F2573001389B7 /* Build configuration list for PBXProject "KKEvents" */ = {
			isa = XCConfigurationList;
			buildConfigurations = (
				C4F5C4EB1C0F2574001389B7 /* Debug */,
				C4F5C4EC1C0F2574001389B7 /* Release */,
			);
			defaultConfigurationIsVisible = 0;
			defaultConfigurationName = Release;
		};
		C4F5C4ED1C0F2574001389B7 /* Build configuration list for PBXNativeTarget "KKEvents" */ = {
			isa = XCConfigurationList;
			buildConfigurations = (
				C4F5C4EE1C0F2574001389B7 /* Debug */,
				C4F5C4EF1C0F2574001389B7 /* Release */,
			);
			defaultConfigurationIsVisible = 0;
			defaultConfigurationName = Release;
		};
		C4F5C4F01C0F2574001389B7 /* Build configuration list for PBXNativeTarget "KKEventsTests" */ = {
			isa = XCConfigurationList;
			buildConfigurations = (
				C4F5C4F11C0F2574001389B7 /* Debug */,
				C4F5C4F21C0F2574001389B7 /* Release */,
			);
			defaultConfigurationIsVisible = 0;
			defaultConfigurationName = Release;
		};
		C4F5C4F31C0F2574001389B7 /* Build configuration list for PBXNativeTarget "KKEventsUITests" */ = {
			isa = XCConfigurationList;
			buildConfigurations = (
				C4F5C4F41C0F2574001389B7 /* Debug */,
				C4F5C4F51C0F2574001389B7 /* Release */,
			);
			defaultConfigurationIsVisible = 0;
			defaultConfigurationName = Release;
		};
/* End XCConfigurationList section */
	};
	rootObject = C4F5C4BD1C0F2573001389B7 /* Project object */;
}
